
Microsoft Visual Studio Solution File, Format Version 11.00
# Visual Studio 2010
Project("{FAE04EC0-301F-11D3-BF4B-00C04F79EFBC}") = "MyVersionManagementWindow", "MyVersionManagementWindow\MyVersionManagementWindow.csproj", "{23997AB1-A7E7-4B04-BDF7-9D3719A3D70B}"
EndProject
Global
	GlobalSection(SolutionConfigurationPlatforms) = preSolution
		Debug|x86 = Debug|x86
		Release|x86 = Release|x86
	EndGlobalSection
	GlobalSection(ProjectConfigurationPlatforms) = postSolution
		{23997AB1-A7E7-4B04-BDF7-9D3719A3D70B}.Debug|x86.ActiveCfg = Debug|x86
		{23997AB1-A7E7-4B04-BDF7-9D3719A3D70B}.Debug|x86.Build.0 = Debug|x86
		{23997AB1-A7E7-4B04-BDF7-9D3719A3D70B}.Release|x86.ActiveCfg = Release|x86
		{23997AB1-A7E7-4B04-BDF7-9D3719A3D70B}.Release|x86.Build.0 = Release|x86
	EndGlobalSection
	GlobalSection(SolutionProperties) = preSolution
		HideSolutionNode = FALSE
	EndGlobalSection
EndGlobal
